
Microsoft Visual Studio Solution File, Format Version 12.00
# Visual Studio Version 16
VisualStudioVersion = 16.0.29230.47
MinimumVisualStudioVersion = 10.0.40219.1
Project("{FAE04EC0-301F-11D3-BF4B-00C04F79EFBC}") = "SOrganAssignment1", "SOrganAssignment1.csproj", "{05103537-E81E-483B-A551-462E2405ED27}"
EndProject
Global
	GlobalSection(SolutionConfigurationPlatforms) = preSolution
		Debug|Any CPU = Debug|Any CPU
		Release|Any CPU = Release|Any CPU
	EndGlobalSection
	GlobalSection(ProjectConfigurationPlatforms) = postSolution
		{05103537-E81E-483B-A551-462E2405ED27}.Debug|Any CPU.ActiveCfg = Debug|Any CPU
		{05103537-E81E-483B-A551-462E2405ED27}.Debug|Any CPU.Build.0 = Debug|Any CPU
		{05103537-E81E-483B-A551-462E2405ED27}.Release|Any CPU.ActiveCfg = Release|Any CPU
		{05103537-E81E-483B-A551-462E2405ED27}.Release|Any CPU.Build.0 = Release|Any CPU
	EndGlobalSection
	GlobalSection(SolutionProperties) = preSolution
		HideSolutionNode = FALSE
	EndGlobalSection
	GlobalSection(ExtensibilityGlobals) = postSolution
		SolutionGuid = {82B765D0-157B-48FA-B8B5-D1B8930EECBE}
	EndGlobalSection
EndGlobal
